{
  "version": 1,
  "dependencies": {
    "net8.0-windows7.0": {
      "DalamudPackager": {
        "type": "Direct",
        "requested": "[2.1.13, )",
        "resolved": "2.1.13",
        "contentHash": "rMN1omGe8536f4xLMvx9NwfvpAc9YFFfeXJ1t4P4PE6Gu8WCIoFliR1sh07hM+bfODmesk/dvMbji7vNI+B/pQ=="
      },
      "NAudio.Wasapi": {
        "type": "Direct",
        "requested": "[2.1.0, )",
        "resolved": "2.1.0",
        "contentHash": "Zp/8l79aYQEu7/HfzXWVpqyIwRUPgsvCj/Qx+pR6ykJxvwjqOoUfMiEG9US1wW4d7PEzT5ZBIL+cp90t6HNNiw==",
        "dependencies": {
          "NAudio.Core": "2.1.0"
        }
      },
      "NAudio.Core": {
        "type": "Transitive",
        "resolved": "2.1.0",
        "contentHash": "0iowfmolibU4KxjaC/s7lox/BeDg76UVvXtCuCzRiNpylVndqsxXxp+bVWFrpv0KzQDIKLxZrnDmYENlAI0u9g=="
      }
    }
  }
}